
Microsoft Visual Studio Solution File, Format Version 12.00
# Visual Studio 15
VisualStudioVersion = 15.0.26730.12
MinimumVisualStudioVersion = 10.0.40219.1
Project("{FAE04EC0-301F-11D3-BF4B-00C04F79EFBC}") = "EmailSystem", "EmailSystem\EmailSystem.csproj", "{D850025F-1A32-43CB-8C44-661B48DD932E}"
EndProject
Global
	GlobalSection(SolutionConfigurationPlatforms) = preSolution
		Debug|Any CPU = Debug|Any CPU
		Release|Any CPU = Release|Any CPU
	EndGlobalSection
	GlobalSection(ProjectConfigurationPlatforms) = postSolution
		{D850025F-1A32-43CB-8C44-661B48DD932E}.Debug|Any CPU.ActiveCfg = Debug|Any CPU
		{D850025F-1A32-43CB-8C44-661B48DD932E}.Debug|Any CPU.Build.0 = Debug|Any CPU
		{D850025F-1A32-43CB-8C44-661B48DD932E}.Release|Any CPU.ActiveCfg = Release|Any CPU
		{D850025F-1A32-43CB-8C44-661B48DD932E}.Release|Any CPU.Build.0 = Release|Any CPU
	EndGlobalSection
	GlobalSection(SolutionProperties) = preSolution
		HideSolutionNode = FALSE
	EndGlobalSection
	GlobalSection(ExtensibilityGlobals) = postSolution
		SolutionGuid = {A153B1E3-F74B-4FF1-88E5-5C435CAA15E3}
	EndGlobalSection
EndGlobal
